
Microsoft Visual Studio Solution File, Format Version 12.00
# Visual Studio 15
VisualStudioVersion = 15.0.28010.2019
MinimumVisualStudioVersion = 10.0.40219.1
Project("{FAE04EC0-301F-11D3-BF4B-00C04F79EFBC}") = "POC.EntityFramework.OData", "src\POC.EntityFramework.OData\POC.EntityFramework.OData.csproj", "{BE9B0C93-68AA-4DB8-B6B4-3D4FE78A2FFF}"
EndProject
Project("{2150E333-8FDC-42A3-9474-1A3956D46DE8}") = "src", "src", "{97846BCE-7463-4184-BFDA-E82FD066B41F}"
EndProject
Project("{2150E333-8FDC-42A3-9474-1A3956D46DE8}") = "db", "db", "{CE6BEFF5-8E3E-486A-8D5B-90999AAB6114}"
	ProjectSection(SolutionItems) = preProject
		db\CreateDatabase.sql = db\CreateDatabase.sql
	EndProjectSection
EndProject
Global
	GlobalSection(SolutionConfigurationPlatforms) = preSolution
		Debug|Any CPU = Debug|Any CPU
		Release|Any CPU = Release|Any CPU
	EndGlobalSection
	GlobalSection(ProjectConfigurationPlatforms) = postSolution
		{BE9B0C93-68AA-4DB8-B6B4-3D4FE78A2FFF}.Debug|Any CPU.ActiveCfg = Debug|Any CPU
		{BE9B0C93-68AA-4DB8-B6B4-3D4FE78A2FFF}.Debug|Any CPU.Build.0 = Debug|Any CPU
		{BE9B0C93-68AA-4DB8-B6B4-3D4FE78A2FFF}.Release|Any CPU.ActiveCfg = Release|Any CPU
		{BE9B0C93-68AA-4DB8-B6B4-3D4FE78A2FFF}.Release|Any CPU.Build.0 = Release|Any CPU
	EndGlobalSection
	GlobalSection(SolutionProperties) = preSolution
		HideSolutionNode = FALSE
	EndGlobalSection
	GlobalSection(NestedProjects) = preSolution
		{BE9B0C93-68AA-4DB8-B6B4-3D4FE78A2FFF} = {97846BCE-7463-4184-BFDA-E82FD066B41F}
	EndGlobalSection
	GlobalSection(ExtensibilityGlobals) = postSolution
		SolutionGuid = {BDA2DDB8-A88E-43A2-8FCA-F99FFBA854EA}
	EndGlobalSection
EndGlobal
